
Microsoft Visual Studio Solution File, Format Version 12.00
# Visual Studio Version 17
VisualStudioVersion = 17.14.36301.6 d17.14
MinimumVisualStudioVersion = 10.0.40219.1
Project("{FAE04EC0-301F-11D3-BF4B-00C04F79EFBC}") = "Company.G02.PL", "Company.G02.PL\Company.G02.PL.csproj", "{BE6C7012-173E-4E35-9E4F-1BCD08403302}"
EndProject
Project("{FAE04EC0-301F-11D3-BF4B-00C04F79EFBC}") = "Company.G02.DAL", "Company.G02.DAL\Company.G02.DAL.csproj", "{00BC91E9-6DAD-43E8-AB4F-BF1BAA474C48}"
EndProject
Project("{FAE04EC0-301F-11D3-BF4B-00C04F79EFBC}") = "Company.G02.BLL", "Company.G02.BLL\Company.G02.BLL.csproj", "{2D03CF86-A753-4C76-8C0A-94CC8C935E4F}"
EndProject
Global
	GlobalSection(SolutionConfigurationPlatforms) = preSolution
		Debug|Any CPU = Debug|Any CPU
		Release|Any CPU = Release|Any CPU
	EndGlobalSection
	GlobalSection(ProjectConfigurationPlatforms) = postSolution
		{BE6C7012-173E-4E35-9E4F-1BCD08403302}.Debug|Any CPU.ActiveCfg = Debug|Any CPU
		{BE6C7012-173E-4E35-9E4F-1BCD08403302}.Debug|Any CPU.Build.0 = Debug|Any CPU
		{BE6C7012-173E-4E35-9E4F-1BCD08403302}.Release|Any CPU.ActiveCfg = Release|Any CPU
		{BE6C7012-173E-4E35-9E4F-1BCD08403302}.Release|Any CPU.Build.0 = Release|Any CPU
		{00BC91E9-6DAD-43E8-AB4F-BF1BAA474C48}.Debug|Any CPU.ActiveCfg = Debug|Any CPU
		{00BC91E9-6DAD-43E8-AB4F-BF1BAA474C48}.Debug|Any CPU.Build.0 = Debug|Any CPU
		{00BC91E9-6DAD-43E8-AB4F-BF1BAA474C48}.Release|Any CPU.ActiveCfg = Release|Any CPU
		{00BC91E9-6DAD-43E8-AB4F-BF1BAA474C48}.Release|Any CPU.Build.0 = Release|Any CPU
		{2D03CF86-A753-4C76-8C0A-94CC8C935E4F}.Debug|Any CPU.ActiveCfg = Debug|Any CPU
		{2D03CF86-A753-4C76-8C0A-94CC8C935E4F}.Debug|Any CPU.Build.0 = Debug|Any CPU
		{2D03CF86-A753-4C76-8C0A-94CC8C935E4F}.Release|Any CPU.ActiveCfg = Release|Any CPU
		{2D03CF86-A753-4C76-8C0A-94CC8C935E4F}.Release|Any CPU.Build.0 = Release|Any CPU
	EndGlobalSection
	GlobalSection(SolutionProperties) = preSolution
		HideSolutionNode = FALSE
	EndGlobalSection
	GlobalSection(ExtensibilityGlobals) = postSolution
		SolutionGuid = {DFAE8227-C53E-441D-A511-54868FCA61B8}
	EndGlobalSection
EndGlobal
